
Microsoft Visual Studio Solution File, Format Version 12.00
# Visual Studio Version 17
VisualStudioVersion = 17.4.33205.214
MinimumVisualStudioVersion = 10.0.40219.1
Project("{FAE04EC0-301F-11D3-BF4B-00C04F79EFBC}") = "QuanLyShop", "QuanLyShop\QuanLyShop.csproj", "{9CAF9321-7C4A-4A74-A081-164C08960C90}"
EndProject
Global
	GlobalSection(SolutionConfigurationPlatforms) = preSolution
		Debug|Any CPU = Debug|Any CPU
		Release|Any CPU = Release|Any CPU
	EndGlobalSection
	GlobalSection(ProjectConfigurationPlatforms) = postSolution
		{9CAF9321-7C4A-4A74-A081-164C08960C90}.Debug|Any CPU.ActiveCfg = Debug|Any CPU
		{9CAF9321-7C4A-4A74-A081-164C08960C90}.Debug|Any CPU.Build.0 = Debug|Any CPU
		{9CAF9321-7C4A-4A74-A081-164C08960C90}.Release|Any CPU.ActiveCfg = Release|Any CPU
		{9CAF9321-7C4A-4A74-A081-164C08960C90}.Release|Any CPU.Build.0 = Release|Any CPU
	EndGlobalSection
	GlobalSection(SolutionProperties) = preSolution
		HideSolutionNode = FALSE
	EndGlobalSection
	GlobalSection(ExtensibilityGlobals) = postSolution
		SolutionGuid = {DD286739-9F56-4D03-8200-08E94043A396}
	EndGlobalSection
EndGlobal
